
Microsoft Visual Studio Solution File, Format Version 12.00
# Visual Studio 15
VisualStudioVersion = 15.0.26124.0
MinimumVisualStudioVersion = 15.0.26124.0
Project("{2150E333-8FDC-42A3-9474-1A3956D46DE8}") = "src", "src", "{6A36C89D-0978-4060-8A3D-595C98FCCA9A}"
EndProject
Project("{9A19103F-16F7-4668-BE54-9A1E7A4F7556}") = "IdentityServer", "src\IdentityServer\IdentityServer.csproj", "{1B5DC034-FA7D-489B-BFCB-3CB5EBA3B4A8}"
EndProject
Project("{9A19103F-16F7-4668-BE54-9A1E7A4F7556}") = "Api", "src\Api\Api.csproj", "{3E190AF2-BCC3-456C-A398-8A566ABDEB64}"
EndProject
Project("{9A19103F-16F7-4668-BE54-9A1E7A4F7556}") = "Client", "src\Client\Client.csproj", "{67E991E6-F41C-4917-B898-6350ED3F0112}"
EndProject
Project("{9A19103F-16F7-4668-BE54-9A1E7A4F7556}") = "Client2", "src\Client2\Client2.csproj", "{00CC3527-D964-4D38-8425-BB8AB56C3A5C}"
EndProject
Project("{9A19103F-16F7-4668-BE54-9A1E7A4F7556}") = "mvc", "src\mvc\mvc.csproj", "{19A13832-5611-486E-B9C6-6EA0C6D63089}"
EndProject
Project("{2150E333-8FDC-42A3-9474-1A3956D46DE8}") = "Solution Items", "Solution Items", "{C2B4CA9F-50C2-4CF8-83EB-9BCB4FB0DE9E}"
	ProjectSection(SolutionItems) = preProject
		.gitignore = .gitignore
	EndProjectSection
EndProject
Project("{9A19103F-16F7-4668-BE54-9A1E7A4F7556}") = "JavaScriptClient", "src\JavaScriptClient\JavaScriptClient.csproj", "{BCFA981E-EFC8-4F7A-B45B-B8A642047395}"
EndProject
Project("{9A19103F-16F7-4668-BE54-9A1E7A4F7556}") = "IdentityServerAspNetIdentity", "src\IdentityServerAspNetIdentity\IdentityServerAspNetIdentity.csproj", "{450E8A6F-A4F8-4F13-B77F-8C2A65584E86}"
EndProject
Global
	GlobalSection(SolutionConfigurationPlatforms) = preSolution
		Debug|Any CPU = Debug|Any CPU
		Debug|x64 = Debug|x64
		Debug|x86 = Debug|x86
		Release|Any CPU = Release|Any CPU
		Release|x64 = Release|x64
		Release|x86 = Release|x86
	EndGlobalSection
	GlobalSection(ProjectConfigurationPlatforms) = postSolution
		{1B5DC034-FA7D-489B-BFCB-3CB5EBA3B4A8}.Debug|Any CPU.ActiveCfg = Debug|Any CPU
		{1B5DC034-FA7D-489B-BFCB-3CB5EBA3B4A8}.Debug|Any CPU.Build.0 = Debug|Any CPU
		{1B5DC034-FA7D-489B-BFCB-3CB5EBA3B4A8}.Debug|x64.ActiveCfg = Debug|Any CPU
		{1B5DC034-FA7D-489B-BFCB-3CB5EBA3B4A8}.Debug|x64.Build.0 = Debug|Any CPU
		{1B5DC034-FA7D-489B-BFCB-3CB5EBA3B4A8}.Debug|x86.ActiveCfg = Debug|Any CPU
		{1B5DC034-FA7D-489B-BFCB-3CB5EBA3B4A8}.Debug|x86.Build.0 = Debug|Any CPU
		{1B5DC034-FA7D-489B-BFCB-3CB5EBA3B4A8}.Release|Any CPU.ActiveCfg = Release|Any CPU
		{1B5DC034-FA7D-489B-BFCB-3CB5EBA3B4A8}.Release|Any CPU.Build.0 = Release|Any CPU
		{1B5DC034-FA7D-489B-BFCB-3CB5EBA3B4A8}.Release|x64.ActiveCfg = Release|Any CPU
		{1B5DC034-FA7D-489B-BFCB-3CB5EBA3B4A8}.Release|x64.Build.0 = Release|Any CPU
		{1B5DC034-FA7D-489B-BFCB-3CB5EBA3B4A8}.Release|x86.ActiveCfg = Release|Any CPU
		{1B5DC034-FA7D-489B-BFCB-3CB5EBA3B4A8}.Release|x86.Build.0 = Release|Any CPU
		{3E190AF2-BCC3-456C-A398-8A566ABDEB64}.Debug|Any CPU.ActiveCfg = Debug|Any CPU
		{3E190AF2-BCC3-456C-A398-8A566ABDEB64}.Debug|Any CPU.Build.0 = Debug|Any CPU
		{3E190AF2-BCC3-456C-A398-8A566ABDEB64}.Debug|x64.ActiveCfg = Debug|Any CPU
		{3E190AF2-BCC3-456C-A398-8A566ABDEB64}.Debug|x64.Build.0 = Debug|Any CPU
		{3E190AF2-BCC3-456C-A398-8A566ABDEB64}.Debug|x86.ActiveCfg = Debug|Any CPU
		{3E190AF2-BCC3-456C-A398-8A566ABDEB64}.Debug|x86.Build.0 = Debug|Any CPU
		{3E190AF2-BCC3-456C-A398-8A566ABDEB64}.Release|Any CPU.ActiveCfg = Release|Any CPU
		{3E190AF2-BCC3-456C-A398-8A566ABDEB64}.Release|Any CPU.Build.0 = Release|Any CPU
		{3E190AF2-BCC3-456C-A398-8A566ABDEB64}.Release|x64.ActiveCfg = Release|Any CPU
		{3E190AF2-BCC3-456C-A398-8A566ABDEB64}.Release|x64.Build.0 = Release|Any CPU
		{3E190AF2-BCC3-456C-A398-8A566ABDEB64}.Release|x86.ActiveCfg = Release|Any CPU
		{3E190AF2-BCC3-456C-A398-8A566ABDEB64}.Release|x86.Build.0 = Release|Any CPU
		{67E991E6-F41C-4917-B898-6350ED3F0112}.Debug|Any CPU.ActiveCfg = Debug|Any CPU
		{67E991E6-F41C-4917-B898-6350ED3F0112}.Debug|Any CPU.Build.0 = Debug|Any CPU
		{67E991E6-F41C-4917-B898-6350ED3F0112}.Debug|x64.ActiveCfg = Debug|Any CPU
		{67E991E6-F41C-4917-B898-6350ED3F0112}.Debug|x64.Build.0 = Debug|Any CPU
		{67E991E6-F41C-4917-B898-6350ED3F0112}.Debug|x86.ActiveCfg = Debug|Any CPU
		{67E991E6-F41C-4917-B898-6350ED3F0112}.Debug|x86.Build.0 = Debug|Any CPU
		{67E991E6-F41C-4917-B898-6350ED3F0112}.Release|Any CPU.ActiveCfg = Release|Any CPU
		{67E991E6-F41C-4917-B898-6350ED3F0112}.Release|Any CPU.Build.0 = Release|Any CPU
		{67E991E6-F41C-4917-B898-6350ED3F0112}.Release|x64.ActiveCfg = Release|Any CPU
		{67E991E6-F41C-4917-B898-6350ED3F0112}.Release|x64.Build.0 = Release|Any CPU
		{67E991E6-F41C-4917-B898-6350ED3F0112}.Release|x86.ActiveCfg = Release|Any CPU
		{67E991E6-F41C-4917-B898-6350ED3F0112}.Release|x86.Build.0 = Release|Any CPU
		{00CC3527-D964-4D38-8425-BB8AB56C3A5C}.Debug|Any CPU.ActiveCfg = Debug|Any CPU
		{00CC3527-D964-4D38-8425-BB8AB56C3A5C}.Debug|Any CPU.Build.0 = Debug|Any CPU
		{00CC3527-D964-4D38-8425-BB8AB56C3A5C}.Debug|x64.ActiveCfg = Debug|Any CPU
		{00CC3527-D964-4D38-8425-BB8AB56C3A5C}.Debug|x64.Build.0 = Debug|Any CPU
		{00CC3527-D964-4D38-8425-BB8AB56C3A5C}.Debug|x86.ActiveCfg = Debug|Any CPU
		{00CC3527-D964-4D38-8425-BB8AB56C3A5C}.Debug|x86.Build.0 = Debug|Any CPU
		{00CC3527-D964-4D38-8425-BB8AB56C3A5C}.Release|Any CPU.ActiveCfg = Release|Any CPU
		{00CC3527-D964-4D38-8425-BB8AB56C3A5C}.Release|Any CPU.Build.0 = Release|Any CPU
		{00CC3527-D964-4D38-8425-BB8AB56C3A5C}.Release|x64.ActiveCfg = Release|Any CPU
		{00CC3527-D964-4D38-8425-BB8AB56C3A5C}.Release|x64.Build.0 = Release|Any CPU
		{00CC3527-D964-4D38-8425-BB8AB56C3A5C}.Release|x86.ActiveCfg = Release|Any CPU
		{00CC3527-D964-4D38-8425-BB8AB56C3A5C}.Release|x86.Build.0 = Release|Any CPU
		{19A13832-5611-486E-B9C6-6EA0C6D63089}.Debug|Any CPU.ActiveCfg = Debug|Any CPU
		{19A13832-5611-486E-B9C6-6EA0C6D63089}.Debug|Any CPU.Build.0 = Debug|Any CPU
		{19A13832-5611-486E-B9C6-6EA0C6D63089}.Debug|x64.ActiveCfg = Debug|Any CPU
		{19A13832-5611-486E-B9C6-6EA0C6D63089}.Debug|x64.Build.0 = Debug|Any CPU
		{19A13832-5611-486E-B9C6-6EA0C6D63089}.Debug|x86.ActiveCfg = Debug|Any CPU
		{19A13832-5611-486E-B9C6-6EA0C6D63089}.Debug|x86.Build.0 = Debug|Any CPU
		{19A13832-5611-486E-B9C6-6EA0C6D63089}.Release|Any CPU.ActiveCfg = Release|Any CPU
		{19A13832-5611-486E-B9C6-6EA0C6D63089}.Release|Any CPU.Build.0 = Release|Any CPU
		{19A13832-5611-486E-B9C6-6EA0C6D63089}.Release|x64.ActiveCfg = Release|Any CPU
		{19A13832-5611-486E-B9C6-6EA0C6D63089}.Release|x64.Build.0 = Release|Any CPU
		{19A13832-5611-486E-B9C6-6EA0C6D63089}.Release|x86.ActiveCfg = Release|Any CPU
		{19A13832-5611-486E-B9C6-6EA0C6D63089}.Release|x86.Build.0 = Release|Any CPU
		{BCFA981E-EFC8-4F7A-B45B-B8A642047395}.Debug|Any CPU.ActiveCfg = Debug|Any CPU
		{BCFA981E-EFC8-4F7A-B45B-B8A642047395}.Debug|Any CPU.Build.0 = Debug|Any CPU
		{BCFA981E-EFC8-4F7A-B45B-B8A642047395}.Debug|x64.ActiveCfg = Debug|Any CPU
		{BCFA981E-EFC8-4F7A-B45B-B8A642047395}.Debug|x64.Build.0 = Debug|Any CPU
		{BCFA981E-EFC8-4F7A-B45B-B8A642047395}.Debug|x86.ActiveCfg = Debug|Any CPU
		{BCFA981E-EFC8-4F7A-B45B-B8A642047395}.Debug|x86.Build.0 = Debug|Any CPU
		{BCFA981E-EFC8-4F7A-B45B-B8A642047395}.Release|Any CPU.ActiveCfg = Release|Any CPU
		{BCFA981E-EFC8-4F7A-B45B-B8A642047395}.Release|Any CPU.Build.0 = Release|Any CPU
		{BCFA981E-EFC8-4F7A-B45B-B8A642047395}.Release|x64.ActiveCfg = Release|Any CPU
		{BCFA981E-EFC8-4F7A-B45B-B8A642047395}.Release|x64.Build.0 = Release|Any CPU
		{BCFA981E-EFC8-4F7A-B45B-B8A642047395}.Release|x86.ActiveCfg = Release|Any CPU
		{BCFA981E-EFC8-4F7A-B45B-B8A642047395}.Release|x86.Build.0 = Release|Any CPU
		{450E8A6F-A4F8-4F13-B77F-8C2A65584E86}.Debug|Any CPU.ActiveCfg = Debug|Any CPU
		{450E8A6F-A4F8-4F13-B77F-8C2A65584E86}.Debug|Any CPU.Build.0 = Debug|Any CPU
		{450E8A6F-A4F8-4F13-B77F-8C2A65584E86}.Debug|x64.ActiveCfg = Debug|Any CPU
		{450E8A6F-A4F8-4F13-B77F-8C2A65584E86}.Debug|x64.Build.0 = Debug|Any CPU
		{450E8A6F-A4F8-4F13-B77F-8C2A65584E86}.Debug|x86.ActiveCfg = Debug|Any CPU
		{450E8A6F-A4F8-4F13-B77F-8C2A65584E86}.Debug|x86.Build.0 = Debug|Any CPU
		{450E8A6F-A4F8-4F13-B77F-8C2A65584E86}.Release|Any CPU.ActiveCfg = Release|Any CPU
		{450E8A6F-A4F8-4F13-B77F-8C2A65584E86}.Release|Any CPU.Build.0 = Release|Any CPU
		{450E8A6F-A4F8-4F13-B77F-8C2A65584E86}.Release|x64.ActiveCfg = Release|Any CPU
		{450E8A6F-A4F8-4F13-B77F-8C2A65584E86}.Release|x64.Build.0 = Release|Any CPU
		{450E8A6F-A4F8-4F13-B77F-8C2A65584E86}.Release|x86.ActiveCfg = Release|Any CPU
		{450E8A6F-A4F8-4F13-B77F-8C2A65584E86}.Release|x86.Build.0 = Release|Any CPU
	EndGlobalSection
	GlobalSection(SolutionProperties) = preSolution
		HideSolutionNode = FALSE
	EndGlobalSection
	GlobalSection(NestedProjects) = preSolution
		{1B5DC034-FA7D-489B-BFCB-3CB5EBA3B4A8} = {6A36C89D-0978-4060-8A3D-595C98FCCA9A}
		{3E190AF2-BCC3-456C-A398-8A566ABDEB64} = {6A36C89D-0978-4060-8A3D-595C98FCCA9A}
		{67E991E6-F41C-4917-B898-6350ED3F0112} = {6A36C89D-0978-4060-8A3D-595C98FCCA9A}
		{00CC3527-D964-4D38-8425-BB8AB56C3A5C} = {6A36C89D-0978-4060-8A3D-595C98FCCA9A}
		{19A13832-5611-486E-B9C6-6EA0C6D63089} = {6A36C89D-0978-4060-8A3D-595C98FCCA9A}
		{BCFA981E-EFC8-4F7A-B45B-B8A642047395} = {6A36C89D-0978-4060-8A3D-595C98FCCA9A}
		{450E8A6F-A4F8-4F13-B77F-8C2A65584E86} = {6A36C89D-0978-4060-8A3D-595C98FCCA9A}
	EndGlobalSection
	GlobalSection(ExtensibilityGlobals) = postSolution
		SolutionGuid = {ABBF12D5-E829-4297-AC06-E6018D65050C}
	EndGlobalSection
EndGlobal
